dependencies:
  cli-table: 0.3.4
  ejs: 3.1.6
  eventemitter3: 4.0.7
  mitt: 2.1.0
  nanoevents: 5.1.10
  rxjs: 6.6.3
  tapable: 2.2.0
  time-span: 4.0.0
  zhook: 0.1.1
devDependencies:
  '@gplane/tsconfig': 4.2.0
  '@types/cli-table': 0.3.0
  '@types/ejs': 3.0.5
  '@types/node': 14.14.25
  '@types/tapable': 1.0.6
  typescript: 4.1.4
lockfileVersion: 5.2
packages:
  /@gplane/tsconfig/4.2.0:
    dev: true
    resolution:
      integrity: sha512-1R3mqDqi+GiYD/4P3aC4hIzdrRHfEvxsek6ZM8zQ87NBUsRe/+cV7GwG8L+4xsfssheKk/EuWud9cF8mFpvfMQ==
  /@types/cli-table/0.3.0:
    dev: true
    resolution:
      integrity: sha512-QnZUISJJXyhyD6L1e5QwXDV/A5i2W1/gl6D6YMc8u0ncPepbv/B4w3S+izVvtAg60m6h+JP09+Y/0zF2mojlFQ==
  /@types/ejs/3.0.5:
    dev: true
    resolution:
      integrity: sha512-k4ef69sS4sIqAPW9GoBnN+URAON2LeL1H0duQvL4RgdEBna19/WattYSA1qYqvbVEDRTSWzOw56tCLhC/m/IOw==
  /@types/node/14.14.25:
    dev: true
    resolution:
      integrity: sha512-EPpXLOVqDvisVxtlbvzfyqSsFeQxltFbluZNRndIb8tr9KiBnYNLzrc1N3pyKUCww2RNrfHDViqDWWE1LCJQtQ==
  /@types/tapable/1.0.6:
    dev: true
    resolution:
      integrity: sha512-W+bw9ds02rAQaMvaLYxAbJ6cvguW/iJXNT6lTssS1ps6QdrMKttqEAMEG/b5CR8TZl3/L7/lH0ZV5nNR1LXikA==
  /ansi-regex/5.0.0:
    dev: false
    engines:
      node: '>=8'
    resolution:
      integrity: sha512-bY6fj56OUQ0hU1KjFNDQuJFezqKdrAyFdIevADiqrWHwSlbmBNMHp5ak2f40Pm8JTFyM2mqxkG6ngkHO11f/lg==
  /ansi-styles/3.2.1:
    dependencies:
      color-convert: 1.9.3
    dev: false
    engines:
      node: '>=4'
    resolution:
      integrity: sha512-VT0ZI6kZRdTh8YyJw3SMbYm/u+NqfsAxEpWO0Pf9sq8/e94WxxOpPKx9FR1FlyCtOVDNOQ+8ntlqFxiRc+r5qA==
  /async/0.9.2:
    dev: false
    resolution:
      integrity: sha1-rqdNXmHB+JlhO/ZL2mbUx48v0X0=
  /balanced-match/1.0.0:
    dev: false
    resolution:
      integrity: sha1-ibTRmasr7kneFk6gK4nORi1xt2c=
  /brace-expansion/1.1.11:
    dependencies:
      balanced-match: 1.0.0
      concat-map: 0.0.1
    dev: false
    resolution:
      integrity: sha512-iCuPHDFgrHX7H2vEI/5xpz07zSHB00TpugqhmYtVmMO6518mCuRMoOYFldEBl0g187ufozdaHgWKcYFb61qGiA==
  /chalk/2.4.2:
    dependencies:
      ansi-styles: 3.2.1
      escape-string-regexp: 1.0.5
      supports-color: 5.5.0
    dev: false
    engines:
      node: '>=4'
    resolution:
      integrity: sha512-Mti+f9lpJNcwF4tWV8/OrTTtF1gZi+f8FqlyAdouralcFWFQWF2+NgCHShjkCb+IFBLq9buZwE1xckQU4peSuQ==
  /cli-table/0.3.4:
    dependencies:
      chalk: 2.4.2
      string-width: 4.2.0
    dev: false
    engines:
      node: '>= 10.0.0'
    resolution:
      integrity: sha512-1vinpnX/ZERcmE443i3SZTmU5DF0rPO9DrL4I2iVAllhxzCM9SzPlHnz19fsZB78htkKZvYBvj6SZ6vXnaxmTA==
  /color-convert/1.9.3:
    dependencies:
      color-name: 1.1.3
    dev: false
    resolution:
      integrity: sha512-QfAUtd+vFdAtFQcC8CCyYt1fYWxSqAiK2cSD6zDB8N3cpsEBAvRxp9zOGg6G/SHHJYAT88/az/IuDGALsNVbGg==
  /color-name/1.1.3:
    dev: false
    resolution:
      integrity: sha1-p9BVi9icQveV3UIyj3QIMcpTvCU=
  /concat-map/0.0.1:
    dev: false
    resolution:
      integrity: sha1-2Klr13/Wjfd5OnMDajug1UBdR3s=
  /convert-hrtime/3.0.0:
    dev: false
    engines:
      node: '>=8'
    resolution:
      integrity: sha512-7V+KqSvMiHp8yWDuwfww06XleMWVVB9b9tURBx+G7UTADuo5hYPuowKloz4OzOqbPezxgo+fdQ1522WzPG4OeA==
  /ejs/3.1.6:
    dependencies:
      jake: 10.8.2
    dev: false
    engines:
      node: '>=0.10.0'
    hasBin: true
    resolution:
      integrity: sha512-9lt9Zse4hPucPkoP7FHDF0LQAlGyF9JVpnClFLFH3aSSbxmyoqINRpp/9wePWJTUl4KOQwRL72Iw3InHPDkoGw==
  /emoji-regex/8.0.0:
    dev: false
    resolution:
      integrity: sha512-MSjYzcWNOA0ewAHpz0MxpYFvwg6yjy1NG3xteoqz644VCo/RPgnr1/GGt+ic3iJTzQ8Eu3TdM14SawnVUmGE6A==
  /escape-string-regexp/1.0.5:
    dev: false
    engines:
      node: '>=0.8.0'
    resolution:
      integrity: sha1-G2HAViGQqN/2rjuyzwIAyhMLhtQ=
  /eventemitter3/4.0.7:
    dev: false
    resolution:
      integrity: sha512-8guHBZCwKnFhYdHr2ysuRWErTwhoN2X8XELRlrRwpmfeY2jjuUN4taQMsULKUVo1K4DvZl+0pgfyoysHxvmvEw==
  /filelist/1.0.2:
    dependencies:
      minimatch: 3.0.4
    dev: false
    resolution:
      integrity: sha512-z7O0IS8Plc39rTCq6i6iHxk43duYOn8uFJiWSewIq0Bww1RNybVHSCjahmcC87ZqAm4OTvFzlzeGu3XAzG1ctQ==
  /has-flag/3.0.0:
    dev: false
    engines:
      node: '>=4'
    resolution:
      integrity: sha1-tdRU3CGZriJWmfNGfloH87lVuv0=
  /is-fullwidth-code-point/3.0.0:
    dev: false
    engines:
      node: '>=8'
    resolution:
      integrity: sha512-zymm5+u+sCsSWyD9qNaejV3DFvhCKclKdizYaJUuHA83RLjb7nSuGnddCHGv0hk+KY7BMAlsWeK4Ueg6EV6XQg==
  /jake/10.8.2:
    dependencies:
      async: 0.9.2
      chalk: 2.4.2
      filelist: 1.0.2
      minimatch: 3.0.4
    dev: false
    hasBin: true
    resolution:
      integrity: sha512-eLpKyrfG3mzvGE2Du8VoPbeSkRry093+tyNjdYaBbJS9v17knImYGNXQCUV0gLxQtF82m3E8iRb/wdSQZLoq7A==
  /minimatch/3.0.4:
    dependencies:
      brace-expansion: 1.1.11
    dev: false
    resolution:
      integrity: sha512-yJHVQEhyqPLUTgt9B83PXu6W3rx4MvvHvSUvToogpwoGDOUQ+yDrR0HRot+yOCdCO7u4hX3pWft6kWBBcqh0UA==
  /mitt/2.1.0:
    dev: false
    resolution:
      integrity: sha512-ILj2TpLiysu2wkBbWjAmww7TkZb65aiQO+DkVdUTBpBXq+MHYiETENkKFMtsJZX1Lf4pe4QOrTSjIfUwN5lRdg==
  /nanoevents/5.1.10:
    dev: false
    engines:
      node: '>=6.0.0'
    resolution:
      integrity: sha512-QOE78g63vQ7V1JzhOLP8UNlaLOF/llDtfUhCj9GlbhQQc0YdPi5GNJKZdeWE0fvDtGF39un6uSf7RObeBm0eAg==
  /rxjs/6.6.3:
    dependencies:
      tslib: 1.14.1
    dev: false
    engines:
      npm: '>=2.0.0'
    resolution:
      integrity: sha512-trsQc+xYYXZ3urjOiJOuCOa5N3jAZ3eiSpQB5hIT8zGlL2QfnHLJ2r7GMkBGuIausdJN1OneaI6gQlsqNHHmZQ==
  /string-width/4.2.0:
    dependencies:
      emoji-regex: 8.0.0
      is-fullwidth-code-point: 3.0.0
      strip-ansi: 6.0.0
    dev: false
    engines:
      node: '>=8'
    resolution:
      integrity: sha512-zUz5JD+tgqtuDjMhwIg5uFVV3dtqZ9yQJlZVfq4I01/K5Paj5UHj7VyrQOJvzawSVlKpObApbfD0Ed6yJc+1eg==
  /strip-ansi/6.0.0:
    dependencies:
      ansi-regex: 5.0.0
    dev: false
    engines:
      node: '>=8'
    resolution:
      integrity: sha512-AuvKTrTfQNYNIctbR1K/YGTR1756GycPsg7b9bdV9Duqur4gv6aKqHXah67Z8ImS7WEz5QVcOtlfW2rZEugt6w==
  /supports-color/5.5.0:
    dependencies:
      has-flag: 3.0.0
    dev: false
    engines:
      node: '>=4'
    resolution:
      integrity: sha512-QjVjwdXIt408MIiAqCX4oUKsgU2EqAGzs2Ppkm4aQYbjm+ZEWEcW4SfFNTr4uMNZma0ey4f5lgLrkB0aX0QMow==
  /tapable/2.2.0:
    dev: false
    engines:
      node: '>=6'
    resolution:
      integrity: sha512-FBk4IesMV1rBxX2tfiK8RAmogtWn53puLOQlvO8XuwlgxcYbP4mVPS9Ph4aeamSyyVjOl24aYWAuc8U5kCVwMw==
  /time-span/4.0.0:
    dependencies:
      convert-hrtime: 3.0.0
    dev: false
    engines:
      node: '>=10'
    resolution:
      integrity: sha512-MyqZCTGLDZ77u4k+jqg4UlrzPTPZ49NDlaekU6uuFaJLzPIN1woaRXCbGeqOfxwc3Y37ZROGAJ614Rdv7Olt+g==
  /tslib/1.14.1:
    dev: false
    resolution:
      integrity: sha512-Xni35NKzjgMrwevysHTCArtLDpPvye8zV/0E4EyYn43P7/7qvQwPh9BGkHewbMulVntbigmcT7rdX3BNo9wRJg==
  /typescript/4.1.4:
    dev: true
    engines:
      node: '>=4.2.0'
    hasBin: true
    resolution:
      integrity: sha512-+Uru0t8qIRgjuCpiSPpfGuhHecMllk5Zsazj5LZvVsEStEjmIRRBZe+jHjGQvsgS7M1wONy2PQXd67EMyV6acg==
  /zhook/0.1.1:
    dev: false
    engines:
      node: '>= 12'
    resolution:
      integrity: sha512-XqSJoyKZmiMZf3dhkuw0tTYyaBWJR+ZbTmpP3Lt1ml7rCKlEPhqJ8qRzXK+aIFpJZS0Vh+UritCezPxiMIRl6A==
specifiers:
  '@gplane/tsconfig': ^4.2.0
  '@types/cli-table': ^0.3.0
  '@types/ejs': ^3.0.5
  '@types/node': ^14.14.25
  '@types/tapable': ^1.0.6
  cli-table: ^0.3.4
  ejs: ^3.1.6
  eventemitter3: ^4.0.7
  mitt: ^2.1.0
  nanoevents: ^5.1.10
  rxjs: ^6.6.3
  tapable: ^2.2.0
  time-span: ^4.0.0
  typescript: ^4.1.4
  zhook: ^0.1.1
